
Microsoft Visual Studio Solution File, Format Version 12.00
# Visual Studio 15
VisualStudioVersion = 15.0.28307.572
MinimumVisualStudioVersion = 10.0.40219.1
Project("{FAE04EC0-301F-11D3-BF4B-00C04F79EFBC}") = "MapMarke.Android", "MapMarker\MapMarker.Android\MapMarker.Android.csproj", "{E82D77EA-7ED1-42F2-B7FE-C4474F52973E}"
EndProject
Project("{FAE04EC0-301F-11D3-BF4B-00C04F79EFBC}") = "MapMarker.iOS", "MapMarker\MapMarker.iOS\MapMarker.iOS.csproj", "{681F17C6-2A96-4DCE-B618-FF27D93E75D9}"
EndProject
Project("{FAE04EC0-301F-11D3-BF4B-00C04F79EFBC}") = "MapMarker.UWP", "MapMarker\MapMarker.UWP\MapMarker.UWP.csproj", "{BF299DED-D2C0-453B-AE7F-1FDF92340858}"
EndProject
Project("{FAE04EC0-301F-11D3-BF4B-00C04F79EFBC}") = "MapMarker", "MapMarker\MapMarker\MapMarker.csproj", "{06C6BEBF-E766-4B2F-9F48-920A3FBB2B6E}"
EndProject
Global
	GlobalSection(SolutionConfigurationPlatforms) = preSolution
		Ad-Hoc|Any CPU = Ad-Hoc|Any CPU
		Ad-Hoc|ARM = Ad-Hoc|ARM
		Ad-Hoc|iPhone = Ad-Hoc|iPhone
		Ad-Hoc|iPhoneSimulator = Ad-Hoc|iPhoneSimulator
		Ad-Hoc|x64 = Ad-Hoc|x64
		Ad-Hoc|x86 = Ad-Hoc|x86
		AppStore|Any CPU = AppStore|Any CPU
		AppStore|ARM = AppStore|ARM
		AppStore|iPhone = AppStore|iPhone
		AppStore|iPhoneSimulator = AppStore|iPhoneSimulator
		AppStore|x64 = AppStore|x64
		AppStore|x86 = AppStore|x86
		Debug|Any CPU = Debug|Any CPU
		Debug|ARM = Debug|ARM
		Debug|iPhone = Debug|iPhone
		Debug|iPhoneSimulator = Debug|iPhoneSimulator
		Debug|x64 = Debug|x64
		Debug|x86 = Debug|x86
		Release|Any CPU = Release|Any CPU
		Release|ARM = Release|ARM
		Release|iPhone = Release|iPhone
		Release|iPhoneSimulator = Release|iPhoneSimulator
		Release|x64 = Release|x64
		Release|x86 = Release|x86
	EndGlobalSection
	GlobalSection(ProjectConfigurationPlatforms) = postSolution
		{E82D77EA-7ED1-42F2-B7FE-C4474F52973E}.Ad-Hoc|Any CPU.ActiveCfg = Release|Any CPU
		{E82D77EA-7ED1-42F2-B7FE-C4474F52973E}.Ad-Hoc|Any CPU.Build.0 = Release|Any CPU
		{E82D77EA-7ED1-42F2-B7FE-C4474F52973E}.Ad-Hoc|Any CPU.Deploy.0 = Release|Any CPU
		{E82D77EA-7ED1-42F2-B7FE-C4474F52973E}.Ad-Hoc|ARM.ActiveCfg = Release|Any CPU
		{E82D77EA-7ED1-42F2-B7FE-C4474F52973E}.Ad-Hoc|ARM.Build.0 = Release|Any CPU
		{E82D77EA-7ED1-42F2-B7FE-C4474F52973E}.Ad-Hoc|ARM.Deploy.0 = Release|Any CPU
		{E82D77EA-7ED1-42F2-B7FE-C4474F52973E}.Ad-Hoc|iPhone.ActiveCfg = Release|Any CPU
		{E82D77EA-7ED1-42F2-B7FE-C4474F52973E}.Ad-Hoc|iPhone.Build.0 = Release|Any CPU
		{E82D77EA-7ED1-42F2-B7FE-C4474F52973E}.Ad-Hoc|iPhone.Deploy.0 = Release|Any CPU
		{E82D77EA-7ED1-42F2-B7FE-C4474F52973E}.Ad-Hoc|iPhoneSimulator.ActiveCfg = Release|Any CPU
		{E82D77EA-7ED1-42F2-B7FE-C4474F52973E}.Ad-Hoc|iPhoneSimulator.Build.0 = Release|Any CPU
		{E82D77EA-7ED1-42F2-B7FE-C4474F52973E}.Ad-Hoc|iPhoneSimulator.Deploy.0 = Release|Any CPU
		{E82D77EA-7ED1-42F2-B7FE-C4474F52973E}.Ad-Hoc|x64.ActiveCfg = Release|Any CPU
		{E82D77EA-7ED1-42F2-B7FE-C4474F52973E}.Ad-Hoc|x64.Build.0 = Release|Any CPU
		{E82D77EA-7ED1-42F2-B7FE-C4474F52973E}.Ad-Hoc|x64.Deploy.0 = Release|Any CPU
		{E82D77EA-7ED1-42F2-B7FE-C4474F52973E}.Ad-Hoc|x86.ActiveCfg = Release|Any CPU
		{E82D77EA-7ED1-42F2-B7FE-C4474F52973E}.Ad-Hoc|x86.Build.0 = Release|Any CPU
		{E82D77EA-7ED1-42F2-B7FE-C4474F52973E}.Ad-Hoc|x86.Deploy.0 = Release|Any CPU
		{E82D77EA-7ED1-42F2-B7FE-C4474F52973E}.AppStore|Any CPU.ActiveCfg = Release|Any CPU
		{E82D77EA-7ED1-42F2-B7FE-C4474F52973E}.AppStore|Any CPU.Build.0 = Release|Any CPU
		{E82D77EA-7ED1-42F2-B7FE-C4474F52973E}.AppStore|Any CPU.Deploy.0 = Release|Any CPU
		{E82D77EA-7ED1-42F2-B7FE-C4474F52973E}.AppStore|ARM.ActiveCfg = Release|Any CPU
		{E82D77EA-7ED1-42F2-B7FE-C4474F52973E}.AppStore|ARM.Build.0 = Release|Any CPU
		{E82D77EA-7ED1-42F2-B7FE-C4474F52973E}.AppStore|ARM.Deploy.0 = Release|Any CPU
		{E82D77EA-7ED1-42F2-B7FE-C4474F52973E}.AppStore|iPhone.ActiveCfg = Release|Any CPU
		{E82D77EA-7ED1-42F2-B7FE-C4474F52973E}.AppStore|iPhone.Build.0 = Release|Any CPU
		{E82D77EA-7ED1-42F2-B7FE-C4474F52973E}.AppStore|iPhone.Deploy.0 = Release|Any CPU
		{E82D77EA-7ED1-42F2-B7FE-C4474F52973E}.AppStore|iPhoneSimulator.ActiveCfg = Release|Any CPU
		{E82D77EA-7ED1-42F2-B7FE-C4474F52973E}.AppStore|iPhoneSimulator.Build.0 = Release|Any CPU
		{E82D77EA-7ED1-42F2-B7FE-C4474F52973E}.AppStore|iPhoneSimulator.Deploy.0 = Release|Any CPU
		{E82D77EA-7ED1-42F2-B7FE-C4474F52973E}.AppStore|x64.ActiveCfg = Release|Any CPU
		{E82D77EA-7ED1-42F2-B7FE-C4474F52973E}.AppStore|x64.Build.0 = Release|Any CPU
		{E82D77EA-7ED1-42F2-B7FE-C4474F52973E}.AppStore|x64.Deploy.0 = Release|Any CPU
		{E82D77EA-7ED1-42F2-B7FE-C4474F52973E}.AppStore|x86.ActiveCfg = Release|Any CPU
		{E82D77EA-7ED1-42F2-B7FE-C4474F52973E}.AppStore|x86.Build.0 = Release|Any CPU
		{E82D77EA-7ED1-42F2-B7FE-C4474F52973E}.AppStore|x86.Deploy.0 = Release|Any CPU
		{E82D77EA-7ED1-42F2-B7FE-C4474F52973E}.Debug|Any CPU.ActiveCfg = Debug|Any CPU
		{E82D77EA-7ED1-42F2-B7FE-C4474F52973E}.Debug|Any CPU.Build.0 = Debug|Any CPU
		{E82D77EA-7ED1-42F2-B7FE-C4474F52973E}.Debug|Any CPU.Deploy.0 = Debug|Any CPU
		{E82D77EA-7ED1-42F2-B7FE-C4474F52973E}.Debug|ARM.ActiveCfg = Debug|Any CPU
		{E82D77EA-7ED1-42F2-B7FE-C4474F52973E}.Debug|ARM.Build.0 = Debug|Any CPU
		{E82D77EA-7ED1-42F2-B7FE-C4474F52973E}.Debug|ARM.Deploy.0 = Debug|Any CPU
		{E82D77EA-7ED1-42F2-B7FE-C4474F52973E}.Debug|iPhone.ActiveCfg = Debug|Any CPU
		{E82D77EA-7ED1-42F2-B7FE-C4474F52973E}.Debug|iPhone.Build.0 = Debug|Any CPU
		{E82D77EA-7ED1-42F2-B7FE-C4474F52973E}.Debug|iPhone.Deploy.0 = Debug|Any CPU
		{E82D77EA-7ED1-42F2-B7FE-C4474F52973E}.Debug|iPhoneSimulator.ActiveCfg = Debug|Any CPU
		{E82D77EA-7ED1-42F2-B7FE-C4474F52973E}.Debug|iPhoneSimulator.Build.0 = Debug|Any CPU
		{E82D77EA-7ED1-42F2-B7FE-C4474F52973E}.Debug|iPhoneSimulator.Deploy.0 = Debug|Any CPU
		{E82D77EA-7ED1-42F2-B7FE-C4474F52973E}.Debug|x64.ActiveCfg = Debug|Any CPU
		{E82D77EA-7ED1-42F2-B7FE-C4474F52973E}.Debug|x64.Build.0 = Debug|Any CPU
		{E82D77EA-7ED1-42F2-B7FE-C4474F52973E}.Debug|x64.Deploy.0 = Debug|Any CPU
		{E82D77EA-7ED1-42F2-B7FE-C4474F52973E}.Debug|x86.ActiveCfg = Debug|Any CPU
		{E82D77EA-7ED1-42F2-B7FE-C4474F52973E}.Debug|x86.Build.0 = Debug|Any CPU
		{E82D77EA-7ED1-42F2-B7FE-C4474F52973E}.Debug|x86.Deploy.0 = Debug|Any CPU
		{E82D77EA-7ED1-42F2-B7FE-C4474F52973E}.Release|Any CPU.ActiveCfg = Release|Any CPU
		{E82D77EA-7ED1-42F2-B7FE-C4474F52973E}.Release|Any CPU.Build.0 = Release|Any CPU
		{E82D77EA-7ED1-42F2-B7FE-C4474F52973E}.Release|Any CPU.Deploy.0 = Release|Any CPU
		{E82D77EA-7ED1-42F2-B7FE-C4474F52973E}.Release|ARM.ActiveCfg = Release|Any CPU
		{E82D77EA-7ED1-42F2-B7FE-C4474F52973E}.Release|ARM.Build.0 = Release|Any CPU
		{E82D77EA-7ED1-42F2-B7FE-C4474F52973E}.Release|ARM.Deploy.0 = Release|Any CPU
		{E82D77EA-7ED1-42F2-B7FE-C4474F52973E}.Release|iPhone.ActiveCfg = Release|Any CPU
		{E82D77EA-7ED1-42F2-B7FE-C4474F52973E}.Release|iPhone.Build.0 = Release|Any CPU
		{E82D77EA-7ED1-42F2-B7FE-C4474F52973E}.Release|iPhone.Deploy.0 = Release|Any CPU
		{E82D77EA-7ED1-42F2-B7FE-C4474F52973E}.Release|iPhoneSimulator.ActiveCfg = Release|Any CPU
		{E82D77EA-7ED1-42F2-B7FE-C4474F52973E}.Release|iPhoneSimulator.Build.0 = Release|Any CPU
		{E82D77EA-7ED1-42F2-B7FE-C4474F52973E}.Release|iPhoneSimulator.Deploy.0 = Release|Any CPU
		{E82D77EA-7ED1-42F2-B7FE-C4474F52973E}.Release|x64.ActiveCfg = Release|Any CPU
		{E82D77EA-7ED1-42F2-B7FE-C4474F52973E}.Release|x64.Build.0 = Release|Any CPU
		{E82D77EA-7ED1-42F2-B7FE-C4474F52973E}.Release|x64.Deploy.0 = Release|Any CPU
		{E82D77EA-7ED1-42F2-B7FE-C4474F52973E}.Release|x86.ActiveCfg = Release|Any CPU
		{E82D77EA-7ED1-42F2-B7FE-C4474F52973E}.Release|x86.Build.0 = Release|Any CPU
		{E82D77EA-7ED1-42F2-B7FE-C4474F52973E}.Release|x86.Deploy.0 = Release|Any CPU
		{681F17C6-2A96-4DCE-B618-FF27D93E75D9}.Ad-Hoc|Any CPU.ActiveCfg = Ad-Hoc|iPhone
		{681F17C6-2A96-4DCE-B618-FF27D93E75D9}.Ad-Hoc|Any CPU.Build.0 = Ad-Hoc|iPhone
		{681F17C6-2A96-4DCE-B618-FF27D93E75D9}.Ad-Hoc|Any CPU.Deploy.0 = Ad-Hoc|iPhone
		{681F17C6-2A96-4DCE-B618-FF27D93E75D9}.Ad-Hoc|ARM.ActiveCfg = Ad-Hoc|iPhone
		{681F17C6-2A96-4DCE-B618-FF27D93E75D9}.Ad-Hoc|ARM.Build.0 = Ad-Hoc|iPhone
		{681F17C6-2A96-4DCE-B618-FF27D93E75D9}.Ad-Hoc|ARM.Deploy.0 = Ad-Hoc|iPhone
		{681F17C6-2A96-4DCE-B618-FF27D93E75D9}.Ad-Hoc|iPhone.ActiveCfg = Ad-Hoc|iPhone
		{681F17C6-2A96-4DCE-B618-FF27D93E75D9}.Ad-Hoc|iPhone.Build.0 = Ad-Hoc|iPhone
		{681F17C6-2A96-4DCE-B618-FF27D93E75D9}.Ad-Hoc|iPhone.Deploy.0 = Ad-Hoc|iPhone
		{681F17C6-2A96-4DCE-B618-FF27D93E75D9}.Ad-Hoc|iPhoneSimulator.ActiveCfg = Ad-Hoc|iPhoneSimulator
		{681F17C6-2A96-4DCE-B618-FF27D93E75D9}.Ad-Hoc|iPhoneSimulator.Build.0 = Ad-Hoc|iPhoneSimulator
		{681F17C6-2A96-4DCE-B618-FF27D93E75D9}.Ad-Hoc|iPhoneSimulator.Deploy.0 = Ad-Hoc|iPhoneSimulator
		{681F17C6-2A96-4DCE-B618-FF27D93E75D9}.Ad-Hoc|x64.ActiveCfg = Ad-Hoc|iPhone
		{681F17C6-2A96-4DCE-B618-FF27D93E75D9}.Ad-Hoc|x64.Build.0 = Ad-Hoc|iPhone
		{681F17C6-2A96-4DCE-B618-FF27D93E75D9}.Ad-Hoc|x64.Deploy.0 = Ad-Hoc|iPhone
		{681F17C6-2A96-4DCE-B618-FF27D93E75D9}.Ad-Hoc|x86.ActiveCfg = Ad-Hoc|iPhone
		{681F17C6-2A96-4DCE-B618-FF27D93E75D9}.Ad-Hoc|x86.Build.0 = Ad-Hoc|iPhone
		{681F17C6-2A96-4DCE-B618-FF27D93E75D9}.Ad-Hoc|x86.Deploy.0 = Ad-Hoc|iPhone
		{681F17C6-2A96-4DCE-B618-FF27D93E75D9}.AppStore|Any CPU.ActiveCfg = AppStore|iPhone
		{681F17C6-2A96-4DCE-B618-FF27D93E75D9}.AppStore|Any CPU.Build.0 = AppStore|iPhone
		{681F17C6-2A96-4DCE-B618-FF27D93E75D9}.AppStore|Any CPU.Deploy.0 = AppStore|iPhone
		{681F17C6-2A96-4DCE-B618-FF27D93E75D9}.AppStore|ARM.ActiveCfg = AppStore|iPhone
		{681F17C6-2A96-4DCE-B618-FF27D93E75D9}.AppStore|ARM.Build.0 = AppStore|iPhone
		{681F17C6-2A96-4DCE-B618-FF27D93E75D9}.AppStore|ARM.Deploy.0 = AppStore|iPhone
		{681F17C6-2A96-4DCE-B618-FF27D93E75D9}.AppStore|iPhone.ActiveCfg = AppStore|iPhone
		{681F17C6-2A96-4DCE-B618-FF27D93E75D9}.AppStore|iPhone.Build.0 = AppStore|iPhone
		{681F17C6-2A96-4DCE-B618-FF27D93E75D9}.AppStore|iPhone.Deploy.0 = AppStore|iPhone
		{681F17C6-2A96-4DCE-B618-FF27D93E75D9}.AppStore|iPhoneSimulator.ActiveCfg = AppStore|iPhoneSimulator
		{681F17C6-2A96-4DCE-B618-FF27D93E75D9}.AppStore|iPhoneSimulator.Build.0 = AppStore|iPhoneSimulator
		{681F17C6-2A96-4DCE-B618-FF27D93E75D9}.AppStore|iPhoneSimulator.Deploy.0 = AppStore|iPhoneSimulator
		{681F17C6-2A96-4DCE-B618-FF27D93E75D9}.AppStore|x64.ActiveCfg = AppStore|iPhone
		{681F17C6-2A96-4DCE-B618-FF27D93E75D9}.AppStore|x64.Build.0 = AppStore|iPhone
		{681F17C6-2A96-4DCE-B618-FF27D93E75D9}.AppStore|x64.Deploy.0 = AppStore|iPhone
		{681F17C6-2A96-4DCE-B618-FF27D93E75D9}.AppStore|x86.ActiveCfg = AppStore|iPhone
		{681F17C6-2A96-4DCE-B618-FF27D93E75D9}.AppStore|x86.Build.0 = AppStore|iPhone
		{681F17C6-2A96-4DCE-B618-FF27D93E75D9}.AppStore|x86.Deploy.0 = AppStore|iPhone
		{681F17C6-2A96-4DCE-B618-FF27D93E75D9}.Debug|Any CPU.ActiveCfg = Debug|iPhoneSimulator
		{681F17C6-2A96-4DCE-B618-FF27D93E75D9}.Debug|Any CPU.Build.0 = Debug|iPhoneSimulator
		{681F17C6-2A96-4DCE-B618-FF27D93E75D9}.Debug|Any CPU.Deploy.0 = Debug|iPhoneSimulator
		{681F17C6-2A96-4DCE-B618-FF27D93E75D9}.Debug|ARM.ActiveCfg = Debug|iPhone
		{681F17C6-2A96-4DCE-B618-FF27D93E75D9}.Debug|ARM.Build.0 = Debug|iPhone
		{681F17C6-2A96-4DCE-B618-FF27D93E75D9}.Debug|ARM.Deploy.0 = Debug|iPhone
		{681F17C6-2A96-4DCE-B618-FF27D93E75D9}.Debug|iPhone.ActiveCfg = Debug|iPhone
		{681F17C6-2A96-4DCE-B618-FF27D93E75D9}.Debug|iPhone.Build.0 = Debug|iPhone
		{681F17C6-2A96-4DCE-B618-FF27D93E75D9}.Debug|iPhone.Deploy.0 = Debug|iPhone
		{681F17C6-2A96-4DCE-B618-FF27D93E75D9}.Debug|iPhoneSimulator.ActiveCfg = Debug|iPhoneSimulator
		{681F17C6-2A96-4DCE-B618-FF27D93E75D9}.Debug|iPhoneSimulator.Build.0 = Debug|iPhoneSimulator
		{681F17C6-2A96-4DCE-B618-FF27D93E75D9}.Debug|iPhoneSimulator.Deploy.0 = Debug|iPhoneSimulator
		{681F17C6-2A96-4DCE-B618-FF27D93E75D9}.Debug|x64.ActiveCfg = Debug|iPhone
		{681F17C6-2A96-4DCE-B618-FF27D93E75D9}.Debug|x64.Build.0 = Debug|iPhone
		{681F17C6-2A96-4DCE-B618-FF27D93E75D9}.Debug|x64.Deploy.0 = Debug|iPhone
		{681F17C6-2A96-4DCE-B618-FF27D93E75D9}.Debug|x86.ActiveCfg = Debug|iPhone
		{681F17C6-2A96-4DCE-B618-FF27D93E75D9}.Debug|x86.Build.0 = Debug|iPhone
		{681F17C6-2A96-4DCE-B618-FF27D93E75D9}.Debug|x86.Deploy.0 = Debug|iPhone
		{681F17C6-2A96-4DCE-B618-FF27D93E75D9}.Release|Any CPU.ActiveCfg = Release|iPhone
		{681F17C6-2A96-4DCE-B618-FF27D93E75D9}.Release|Any CPU.Build.0 = Release|iPhone
		{681F17C6-2A96-4DCE-B618-FF27D93E75D9}.Release|Any CPU.Deploy.0 = Release|iPhone
		{681F17C6-2A96-4DCE-B618-FF27D93E75D9}.Release|ARM.ActiveCfg = Release|iPhone
		{681F17C6-2A96-4DCE-B618-FF27D93E75D9}.Release|ARM.Build.0 = Release|iPhone
		{681F17C6-2A96-4DCE-B618-FF27D93E75D9}.Release|ARM.Deploy.0 = Release|iPhone
		{681F17C6-2A96-4DCE-B618-FF27D93E75D9}.Release|iPhone.ActiveCfg = Release|iPhone
		{681F17C6-2A96-4DCE-B618-FF27D93E75D9}.Release|iPhone.Build.0 = Release|iPhone
		{681F17C6-2A96-4DCE-B618-FF27D93E75D9}.Release|iPhone.Deploy.0 = Release|iPhone
		{681F17C6-2A96-4DCE-B618-FF27D93E75D9}.Release|iPhoneSimulator.ActiveCfg = Release|iPhoneSimulator
		{681F17C6-2A96-4DCE-B618-FF27D93E75D9}.Release|iPhoneSimulator.Build.0 = Release|iPhoneSimulator
		{681F17C6-2A96-4DCE-B618-FF27D93E75D9}.Release|iPhoneSimulator.Deploy.0 = Release|iPhoneSimulator
		{681F17C6-2A96-4DCE-B618-FF27D93E75D9}.Release|x64.ActiveCfg = Release|iPhone
		{681F17C6-2A96-4DCE-B618-FF27D93E75D9}.Release|x64.Build.0 = Release|iPhone
		{681F17C6-2A96-4DCE-B618-FF27D93E75D9}.Release|x64.Deploy.0 = Release|iPhone
		{681F17C6-2A96-4DCE-B618-FF27D93E75D9}.Release|x86.ActiveCfg = Release|iPhone
		{681F17C6-2A96-4DCE-B618-FF27D93E75D9}.Release|x86.Build.0 = Release|iPhone
		{681F17C6-2A96-4DCE-B618-FF27D93E75D9}.Release|x86.Deploy.0 = Release|iPhone
		{BF299DED-D2C0-453B-AE7F-1FDF92340858}.Ad-Hoc|Any CPU.ActiveCfg = Release|x86
		{BF299DED-D2C0-453B-AE7F-1FDF92340858}.Ad-Hoc|Any CPU.Build.0 = Release|x86
		{BF299DED-D2C0-453B-AE7F-1FDF92340858}.Ad-Hoc|Any CPU.Deploy.0 = Release|x86
		{BF299DED-D2C0-453B-AE7F-1FDF92340858}.Ad-Hoc|ARM.ActiveCfg = Release|ARM
		{BF299DED-D2C0-453B-AE7F-1FDF92340858}.Ad-Hoc|ARM.Build.0 = Release|ARM
		{BF299DED-D2C0-453B-AE7F-1FDF92340858}.Ad-Hoc|ARM.Deploy.0 = Release|ARM
		{BF299DED-D2C0-453B-AE7F-1FDF92340858}.Ad-Hoc|iPhone.ActiveCfg = Release|x86
		{BF299DED-D2C0-453B-AE7F-1FDF92340858}.Ad-Hoc|iPhone.Build.0 = Release|x86
		{BF299DED-D2C0-453B-AE7F-1FDF92340858}.Ad-Hoc|iPhone.Deploy.0 = Release|x86
		{BF299DED-D2C0-453B-AE7F-1FDF92340858}.Ad-Hoc|iPhoneSimulator.ActiveCfg = Release|x86
		{BF299DED-D2C0-453B-AE7F-1FDF92340858}.Ad-Hoc|iPhoneSimulator.Build.0 = Release|x86
		{BF299DED-D2C0-453B-AE7F-1FDF92340858}.Ad-Hoc|iPhoneSimulator.Deploy.0 = Release|x86
		{BF299DED-D2C0-453B-AE7F-1FDF92340858}.Ad-Hoc|x64.ActiveCfg = Release|x64
		{BF299DED-D2C0-453B-AE7F-1FDF92340858}.Ad-Hoc|x64.Build.0 = Release|x64
		{BF299DED-D2C0-453B-AE7F-1FDF92340858}.Ad-Hoc|x64.Deploy.0 = Release|x64
		{BF299DED-D2C0-453B-AE7F-1FDF92340858}.Ad-Hoc|x86.ActiveCfg = Release|x86
		{BF299DED-D2C0-453B-AE7F-1FDF92340858}.Ad-Hoc|x86.Build.0 = Release|x86
		{BF299DED-D2C0-453B-AE7F-1FDF92340858}.Ad-Hoc|x86.Deploy.0 = Release|x86
		{BF299DED-D2C0-453B-AE7F-1FDF92340858}.AppStore|Any CPU.ActiveCfg = Release|x86
		{BF299DED-D2C0-453B-AE7F-1FDF92340858}.AppStore|Any CPU.Build.0 = Release|x86
		{BF299DED-D2C0-453B-AE7F-1FDF92340858}.AppStore|Any CPU.Deploy.0 = Release|x86
		{BF299DED-D2C0-453B-AE7F-1FDF92340858}.AppStore|ARM.ActiveCfg = Release|ARM
		{BF299DED-D2C0-453B-AE7F-1FDF92340858}.AppStore|ARM.Build.0 = Release|ARM
		{BF299DED-D2C0-453B-AE7F-1FDF92340858}.AppStore|ARM.Deploy.0 = Release|ARM
		{BF299DED-D2C0-453B-AE7F-1FDF92340858}.AppStore|iPhone.ActiveCfg = Release|x86
		{BF299DED-D2C0-453B-AE7F-1FDF92340858}.AppStore|iPhone.Build.0 = Release|x86
		{BF299DED-D2C0-453B-AE7F-1FDF92340858}.AppStore|iPhone.Deploy.0 = Release|x86
		{BF299DED-D2C0-453B-AE7F-1FDF92340858}.AppStore|iPhoneSimulator.ActiveCfg = Release|x86
		{BF299DED-D2C0-453B-AE7F-1FDF92340858}.AppStore|iPhoneSimulator.Build.0 = Release|x86
		{BF299DED-D2C0-453B-AE7F-1FDF92340858}.AppStore|iPhoneSimulator.Deploy.0 = Release|x86
		{BF299DED-D2C0-453B-AE7F-1FDF92340858}.AppStore|x64.ActiveCfg = Release|x64
		{BF299DED-D2C0-453B-AE7F-1FDF92340858}.AppStore|x64.Build.0 = Release|x64
		{BF299DED-D2C0-453B-AE7F-1FDF92340858}.AppStore|x64.Deploy.0 = Release|x64
		{BF299DED-D2C0-453B-AE7F-1FDF92340858}.AppStore|x86.ActiveCfg = Release|x86
		{BF299DED-D2C0-453B-AE7F-1FDF92340858}.AppStore|x86.Build.0 = Release|x86
		{BF299DED-D2C0-453B-AE7F-1FDF92340858}.AppStore|x86.Deploy.0 = Release|x86
		{BF299DED-D2C0-453B-AE7F-1FDF92340858}.Debug|Any CPU.ActiveCfg = Debug|x86
		{BF299DED-D2C0-453B-AE7F-1FDF92340858}.Debug|Any CPU.Build.0 = Debug|x86
		{BF299DED-D2C0-453B-AE7F-1FDF92340858}.Debug|Any CPU.Deploy.0 = Debug|x86
		{BF299DED-D2C0-453B-AE7F-1FDF92340858}.Debug|ARM.ActiveCfg = Debug|ARM
		{BF299DED-D2C0-453B-AE7F-1FDF92340858}.Debug|ARM.Build.0 = Debug|ARM
		{BF299DED-D2C0-453B-AE7F-1FDF92340858}.Debug|ARM.Deploy.0 = Debug|ARM
		{BF299DED-D2C0-453B-AE7F-1FDF92340858}.Debug|iPhone.ActiveCfg = Debug|x86
		{BF299DED-D2C0-453B-AE7F-1FDF92340858}.Debug|iPhone.Build.0 = Debug|x86
		{BF299DED-D2C0-453B-AE7F-1FDF92340858}.Debug|iPhone.Deploy.0 = Debug|x86
		{BF299DED-D2C0-453B-AE7F-1FDF92340858}.Debug|iPhoneSimulator.ActiveCfg = Debug|x86
		{BF299DED-D2C0-453B-AE7F-1FDF92340858}.Debug|iPhoneSimulator.Build.0 = Debug|x86
		{BF299DED-D2C0-453B-AE7F-1FDF92340858}.Debug|iPhoneSimulator.Deploy.0 = Debug|x86
		{BF299DED-D2C0-453B-AE7F-1FDF92340858}.Debug|x64.ActiveCfg = Debug|x64
		{BF299DED-D2C0-453B-AE7F-1FDF92340858}.Debug|x64.Build.0 = Debug|x64
		{BF299DED-D2C0-453B-AE7F-1FDF92340858}.Debug|x64.Deploy.0 = Debug|x64
		{BF299DED-D2C0-453B-AE7F-1FDF92340858}.Debug|x86.ActiveCfg = Debug|x86
		{BF299DED-D2C0-453B-AE7F-1FDF92340858}.Debug|x86.Build.0 = Debug|x86
		{BF299DED-D2C0-453B-AE7F-1FDF92340858}.Debug|x86.Deploy.0 = Debug|x86
		{BF299DED-D2C0-453B-AE7F-1FDF92340858}.Release|Any CPU.ActiveCfg = Release|x86
		{BF299DED-D2C0-453B-AE7F-1FDF92340858}.Release|Any CPU.Build.0 = Release|x86
		{BF299DED-D2C0-453B-AE7F-1FDF92340858}.Release|Any CPU.Deploy.0 = Release|x86
		{BF299DED-D2C0-453B-AE7F-1FDF92340858}.Release|ARM.ActiveCfg = Release|ARM
		{BF299DED-D2C0-453B-AE7F-1FDF92340858}.Release|ARM.Build.0 = Release|ARM
		{BF299DED-D2C0-453B-AE7F-1FDF92340858}.Release|ARM.Deploy.0 = Release|ARM
		{BF299DED-D2C0-453B-AE7F-1FDF92340858}.Release|iPhone.ActiveCfg = Release|x86
		{BF299DED-D2C0-453B-AE7F-1FDF92340858}.Release|iPhone.Build.0 = Release|x86
		{BF299DED-D2C0-453B-AE7F-1FDF92340858}.Release|iPhone.Deploy.0 = Release|x86
		{BF299DED-D2C0-453B-AE7F-1FDF92340858}.Release|iPhoneSimulator.ActiveCfg = Release|x86
		{BF299DED-D2C0-453B-AE7F-1FDF92340858}.Release|iPhoneSimulator.Build.0 = Release|x86
		{BF299DED-D2C0-453B-AE7F-1FDF92340858}.Release|iPhoneSimulator.Deploy.0 = Release|x86
		{BF299DED-D2C0-453B-AE7F-1FDF92340858}.Release|x64.ActiveCfg = Release|x64
		{BF299DED-D2C0-453B-AE7F-1FDF92340858}.Release|x64.Build.0 = Release|x64
		{BF299DED-D2C0-453B-AE7F-1FDF92340858}.Release|x64.Deploy.0 = Release|x64
		{BF299DED-D2C0-453B-AE7F-1FDF92340858}.Release|x86.ActiveCfg = Release|x86
		{BF299DED-D2C0-453B-AE7F-1FDF92340858}.Release|x86.Build.0 = Release|x86
		{BF299DED-D2C0-453B-AE7F-1FDF92340858}.Release|x86.Deploy.0 = Release|x86
		{06C6BEBF-E766-4B2F-9F48-920A3FBB2B6E}.Ad-Hoc|Any CPU.ActiveCfg = Debug|Any CPU
		{06C6BEBF-E766-4B2F-9F48-920A3FBB2B6E}.Ad-Hoc|Any CPU.Build.0 = Debug|Any CPU
		{06C6BEBF-E766-4B2F-9F48-920A3FBB2B6E}.Ad-Hoc|Any CPU.Deploy.0 = Debug|Any CPU
		{06C6BEBF-E766-4B2F-9F48-920A3FBB2B6E}.Ad-Hoc|ARM.ActiveCfg = Debug|Any CPU
		{06C6BEBF-E766-4B2F-9F48-920A3FBB2B6E}.Ad-Hoc|ARM.Build.0 = Debug|Any CPU
		{06C6BEBF-E766-4B2F-9F48-920A3FBB2B6E}.Ad-Hoc|ARM.Deploy.0 = Debug|Any CPU
		{06C6BEBF-E766-4B2F-9F48-920A3FBB2B6E}.Ad-Hoc|iPhone.ActiveCfg = Debug|Any CPU
		{06C6BEBF-E766-4B2F-9F48-920A3FBB2B6E}.Ad-Hoc|iPhone.Build.0 = Debug|Any CPU
		{06C6BEBF-E766-4B2F-9F48-920A3FBB2B6E}.Ad-Hoc|iPhone.Deploy.0 = Debug|Any CPU
		{06C6BEBF-E766-4B2F-9F48-920A3FBB2B6E}.Ad-Hoc|iPhoneSimulator.ActiveCfg = Debug|Any CPU
		{06C6BEBF-E766-4B2F-9F48-920A3FBB2B6E}.Ad-Hoc|iPhoneSimulator.Build.0 = Debug|Any CPU
		{06C6BEBF-E766-4B2F-9F48-920A3FBB2B6E}.Ad-Hoc|iPhoneSimulator.Deploy.0 = Debug|Any CPU
		{06C6BEBF-E766-4B2F-9F48-920A3FBB2B6E}.Ad-Hoc|x64.ActiveCfg = Debug|Any CPU
		{06C6BEBF-E766-4B2F-9F48-920A3FBB2B6E}.Ad-Hoc|x64.Build.0 = Debug|Any CPU
		{06C6BEBF-E766-4B2F-9F48-920A3FBB2B6E}.Ad-Hoc|x64.Deploy.0 = Debug|Any CPU
		{06C6BEBF-E766-4B2F-9F48-920A3FBB2B6E}.Ad-Hoc|x86.ActiveCfg = Debug|Any CPU
		{06C6BEBF-E766-4B2F-9F48-920A3FBB2B6E}.Ad-Hoc|x86.Build.0 = Debug|Any CPU
		{06C6BEBF-E766-4B2F-9F48-920A3FBB2B6E}.Ad-Hoc|x86.Deploy.0 = Debug|Any CPU
		{06C6BEBF-E766-4B2F-9F48-920A3FBB2B6E}.AppStore|Any CPU.ActiveCfg = Debug|Any CPU
		{06C6BEBF-E766-4B2F-9F48-920A3FBB2B6E}.AppStore|Any CPU.Build.0 = Debug|Any CPU
		{06C6BEBF-E766-4B2F-9F48-920A3FBB2B6E}.AppStore|Any CPU.Deploy.0 = Debug|Any CPU
		{06C6BEBF-E766-4B2F-9F48-920A3FBB2B6E}.AppStore|ARM.ActiveCfg = Debug|Any CPU
		{06C6BEBF-E766-4B2F-9F48-920A3FBB2B6E}.AppStore|ARM.Build.0 = Debug|Any CPU
		{06C6BEBF-E766-4B2F-9F48-920A3FBB2B6E}.AppStore|ARM.Deploy.0 = Debug|Any CPU
		{06C6BEBF-E766-4B2F-9F48-920A3FBB2B6E}.AppStore|iPhone.ActiveCfg = Debug|Any CPU
		{06C6BEBF-E766-4B2F-9F48-920A3FBB2B6E}.AppStore|iPhone.Build.0 = Debug|Any CPU
		{06C6BEBF-E766-4B2F-9F48-920A3FBB2B6E}.AppStore|iPhone.Deploy.0 = Debug|Any CPU
		{06C6BEBF-E766-4B2F-9F48-920A3FBB2B6E}.AppStore|iPhoneSimulator.ActiveCfg = Debug|Any CPU
		{06C6BEBF-E766-4B2F-9F48-920A3FBB2B6E}.AppStore|iPhoneSimulator.Build.0 = Debug|Any CPU
		{06C6BEBF-E766-4B2F-9F48-920A3FBB2B6E}.AppStore|iPhoneSimulator.Deploy.0 = Debug|Any CPU
		{06C6BEBF-E766-4B2F-9F48-920A3FBB2B6E}.AppStore|x64.ActiveCfg = Debug|Any CPU
		{06C6BEBF-E766-4B2F-9F48-920A3FBB2B6E}.AppStore|x64.Build.0 = Debug|Any CPU
		{06C6BEBF-E766-4B2F-9F48-920A3FBB2B6E}.AppStore|x64.Deploy.0 = Debug|Any CPU
		{06C6BEBF-E766-4B2F-9F48-920A3FBB2B6E}.AppStore|x86.ActiveCfg = Debug|Any CPU
		{06C6BEBF-E766-4B2F-9F48-920A3FBB2B6E}.AppStore|x86.Build.0 = Debug|Any CPU
		{06C6BEBF-E766-4B2F-9F48-920A3FBB2B6E}.AppStore|x86.Deploy.0 = Debug|Any CPU
		{06C6BEBF-E766-4B2F-9F48-920A3FBB2B6E}.Debug|Any CPU.ActiveCfg = Debug|Any CPU
		{06C6BEBF-E766-4B2F-9F48-920A3FBB2B6E}.Debug|Any CPU.Build.0 = Debug|Any CPU
		{06C6BEBF-E766-4B2F-9F48-920A3FBB2B6E}.Debug|Any CPU.Deploy.0 = Debug|Any CPU
		{06C6BEBF-E766-4B2F-9F48-920A3FBB2B6E}.Debug|ARM.ActiveCfg = Debug|Any CPU
		{06C6BEBF-E766-4B2F-9F48-920A3FBB2B6E}.Debug|ARM.Build.0 = Debug|Any CPU
		{06C6BEBF-E766-4B2F-9F48-920A3FBB2B6E}.Debug|ARM.Deploy.0 = Debug|Any CPU
		{06C6BEBF-E766-4B2F-9F48-920A3FBB2B6E}.Debug|iPhone.ActiveCfg = Debug|Any CPU
		{06C6BEBF-E766-4B2F-9F48-920A3FBB2B6E}.Debug|iPhone.Build.0 = Debug|Any CPU
		{06C6BEBF-E766-4B2F-9F48-920A3FBB2B6E}.Debug|iPhone.Deploy.0 = Debug|Any CPU
		{06C6BEBF-E766-4B2F-9F48-920A3FBB2B6E}.Debug|iPhoneSimulator.ActiveCfg = Debug|Any CPU
		{06C6BEBF-E766-4B2F-9F48-920A3FBB2B6E}.Debug|iPhoneSimulator.Build.0 = Debug|Any CPU
		{06C6BEBF-E766-4B2F-9F48-920A3FBB2B6E}.Debug|iPhoneSimulator.Deploy.0 = Debug|Any CPU
		{06C6BEBF-E766-4B2F-9F48-920A3FBB2B6E}.Debug|x64.ActiveCfg = Debug|Any CPU
		{06C6BEBF-E766-4B2F-9F48-920A3FBB2B6E}.Debug|x64.Build.0 = Debug|Any CPU
		{06C6BEBF-E766-4B2F-9F48-920A3FBB2B6E}.Debug|x64.Deploy.0 = Debug|Any CPU
		{06C6BEBF-E766-4B2F-9F48-920A3FBB2B6E}.Debug|x86.ActiveCfg = Debug|Any CPU
		{06C6BEBF-E766-4B2F-9F48-920A3FBB2B6E}.Debug|x86.Build.0 = Debug|Any CPU
		{06C6BEBF-E766-4B2F-9F48-920A3FBB2B6E}.Debug|x86.Deploy.0 = Debug|Any CPU
		{06C6BEBF-E766-4B2F-9F48-920A3FBB2B6E}.Release|Any CPU.ActiveCfg = Release|Any CPU
		{06C6BEBF-E766-4B2F-9F48-920A3FBB2B6E}.Release|Any CPU.Build.0 = Release|Any CPU
		{06C6BEBF-E766-4B2F-9F48-920A3FBB2B6E}.Release|Any CPU.Deploy.0 = Release|Any CPU
		{06C6BEBF-E766-4B2F-9F48-920A3FBB2B6E}.Release|ARM.ActiveCfg = Release|Any CPU
		{06C6BEBF-E766-4B2F-9F48-920A3FBB2B6E}.Release|ARM.Build.0 = Release|Any CPU
		{06C6BEBF-E766-4B2F-9F48-920A3FBB2B6E}.Release|ARM.Deploy.0 = Release|Any CPU
		{06C6BEBF-E766-4B2F-9F48-920A3FBB2B6E}.Release|iPhone.ActiveCfg = Release|Any CPU
		{06C6BEBF-E766-4B2F-9F48-920A3FBB2B6E}.Release|iPhone.Build.0 = Release|Any CPU
		{06C6BEBF-E766-4B2F-9F48-920A3FBB2B6E}.Release|iPhone.Deploy.0 = Release|Any CPU
		{06C6BEBF-E766-4B2F-9F48-920A3FBB2B6E}.Release|iPhoneSimulator.ActiveCfg = Release|Any CPU
		{06C6BEBF-E766-4B2F-9F48-920A3FBB2B6E}.Release|iPhoneSimulator.Build.0 = Release|Any CPU
		{06C6BEBF-E766-4B2F-9F48-920A3FBB2B6E}.Release|iPhoneSimulator.Deploy.0 = Release|Any CPU
		{06C6BEBF-E766-4B2F-9F48-920A3FBB2B6E}.Release|x64.ActiveCfg = Release|Any CPU
		{06C6BEBF-E766-4B2F-9F48-920A3FBB2B6E}.Release|x64.Build.0 = Release|Any CPU
		{06C6BEBF-E766-4B2F-9F48-920A3FBB2B6E}.Release|x64.Deploy.0 = Release|Any CPU
		{06C6BEBF-E766-4B2F-9F48-920A3FBB2B6E}.Release|x86.ActiveCfg = Release|Any CPU
		{06C6BEBF-E766-4B2F-9F48-920A3FBB2B6E}.Release|x86.Build.0 = Release|Any CPU
		{06C6BEBF-E766-4B2F-9F48-920A3FBB2B6E}.Release|x86.Deploy.0 = Release|Any CPU
	EndGlobalSection
	GlobalSection(SolutionProperties) = preSolution
		HideSolutionNode = FALSE
	EndGlobalSection
	GlobalSection(ExtensibilityGlobals) = postSolution
		SolutionGuid = {2CDED4A6-F66D-4170-B00F-3359B907FFDF}
	EndGlobalSection
EndGlobal
